<?xml version="1.0" encoding="utf-8"?>
<Project ToolsVersion="4.0" xmlns="http://schemas.microsoft.com/developer/msbuild/2003">
  <ItemGroup>
    <Filter Include="win32">
      <UniqueIdentifier>{84a8ebd7-7cf0-47f6-b75e-d441df67da40}</UniqueIdentifier>
    </Filter>
    <Filter Include="resource">
      <UniqueIdentifier>{715254bc-d70b-4ec5-bf29-467dd3ace079}</UniqueIdentifier>
    </Filter>
    <Filter Include="src">
      <UniqueIdentifier>{bb6c862e-70e9-49d9-81b7-3829a6f50471}</UniqueIdentifier>
    </Filter>
    <Filter Include="src\dragonBones">
      <UniqueIdentifier>{31f56474-a778-4b7c-aaa2-037a1b309366}</UniqueIdentifier>
    </Filter>
    <Filter Include="src\rapidjson">
      <UniqueIdentifier>{2f80ed1e-7418-4fc0-80e3-ecaa421a56df}</UniqueIdentifier>
    </Filter>
    <Filter Include="src\view">
      <UniqueIdentifier>{614bddc6-7cfe-489d-a17a-572b91ac02f6}</UniqueIdentifier>
    </Filter>
    <Filter Include="src\logic">
      <UniqueIdentifier>{bb49ada4-5dde-425f-85a4-9177f99e5efe}</UniqueIdentifier>
    </Filter>
    <Filter Include="src\base">
      <UniqueIdentifier>{7534eab8-3e4e-4388-a0d6-26288a155436}</UniqueIdentifier>
    </Filter>
  </ItemGroup>
  <ItemGroup>
    <ClCompile Include="main.cpp">
      <Filter>win32</Filter>
    </ClCompile>
    <ClCompile Include="..\Classes\AppDelegate.cpp">
      <Filter>src</Filter>
    </ClCompile>
    <ClCompile Include="..\Classes\view\CongratDialog.cpp">
      <Filter>src\view</Filter>
    </ClCompile>
    <ClCompile Include="..\Classes\view\GameOverDialog.cpp">
      <Filter>src\view</Filter>
    </ClCompile>
    <ClCompile Include="..\Classes\view\HelloWorldScene.cpp">
      <Filter>src\view</Filter>
    </ClCompile>
    <ClCompile Include="..\Classes\view\MainScene.cpp">
      <Filter>src\view</Filter>
    </ClCompile>
    <ClCompile Include="..\Classes\view\MessageDialog.cpp">
      <Filter>src\view</Filter>
    </ClCompile>
    <ClCompile Include="..\Classes\view\SceneManager.cpp">
      <Filter>src\view</Filter>
    </ClCompile>
    <ClCompile Include="..\Classes\view\PlayScene.cpp">
      <Filter>src\view</Filter>
    </ClCompile>
    <ClCompile Include="..\Classes\base\BasePopupDialog.cpp">
      <Filter>src\base</Filter>
    </ClCompile>
    <ClCompile Include="..\Classes\base\PlatformUtils.cpp">
      <Filter>src\base</Filter>
    </ClCompile>
    <ClCompile Include="..\Classes\base\SoundManager.cpp">
      <Filter>src\base</Filter>
    </ClCompile>
    <ClCompile Include="..\Classes\base\Utility.cpp">
      <Filter>src\base</Filter>
    </ClCompile>
    <ClCompile Include="..\Classes\logic\Board.cpp">
      <Filter>src\logic</Filter>
    </ClCompile>
    <ClCompile Include="..\Classes\logic\GameDataMgr.cpp">
      <Filter>src\logic</Filter>
    </ClCompile>
    <ClCompile Include="..\Classes\dragonBones\animation\Animation.cpp">
      <Filter>src\dragonBones</Filter>
    </ClCompile>
    <ClCompile Include="..\Classes\dragonBones\animation\AnimationState.cpp">
      <Filter>src\dragonBones</Filter>
    </ClCompile>
    <ClCompile Include="..\Classes\dragonBones\animation\BaseTimelineState.cpp">
      <Filter>src\dragonBones</Filter>
    </ClCompile>
    <ClCompile Include="..\Classes\dragonBones\animation\TimelineState.cpp">
      <Filter>src\dragonBones</Filter>
    </ClCompile>
    <ClCompile Include="..\Classes\dragonBones\animation\WorldClock.cpp">
      <Filter>src\dragonBones</Filter>
    </ClCompile>
    <ClCompile Include="..\Classes\dragonBones\armature\Armature.cpp">
      <Filter>src\dragonBones</Filter>
    </ClCompile>
    <ClCompile Include="..\Classes\dragonBones\armature\Bone.cpp">
      <Filter>src\dragonBones</Filter>
    </ClCompile>
    <ClCompile Include="..\Classes\dragonBones\armature\Constraint.cpp">
      <Filter>src\dragonBones</Filter>
    </ClCompile>
    <ClCompile Include="..\Classes\dragonBones\armature\DeformVertices.cpp">
      <Filter>src\dragonBones</Filter>
    </ClCompile>
    <ClCompile Include="..\Classes\dragonBones\armature\Slot.cpp">
      <Filter>src\dragonBones</Filter>
    </ClCompile>
    <ClCompile Include="..\Classes\dragonBones\armature\TransformObject.cpp">
      <Filter>src\dragonBones</Filter>
    </ClCompile>
    <ClCompile Include="..\Classes\dragonBones\cocos2dx\CCArmatureDisplay.cpp">
      <Filter>src\dragonBones</Filter>
    </ClCompile>
    <ClCompile Include="..\Classes\dragonBones\cocos2dx\CCFactory.cpp">
      <Filter>src\dragonBones</Filter>
    </ClCompile>
    <ClCompile Include="..\Classes\dragonBones\cocos2dx\CCSlot.cpp">
      <Filter>src\dragonBones</Filter>
    </ClCompile>
    <ClCompile Include="..\Classes\dragonBones\cocos2dx\CCTextureAtlasData.cpp">
      <Filter>src\dragonBones</Filter>
    </ClCompile>
    <ClCompile Include="..\Classes\dragonBones\core\BaseObject.cpp">
      <Filter>src\dragonBones</Filter>
    </ClCompile>
    <ClCompile Include="..\Classes\dragonBones\core\DragonBones.cpp">
      <Filter>src\dragonBones</Filter>
    </ClCompile>
    <ClCompile Include="..\Classes\dragonBones\event\EventObject.cpp">
      <Filter>src\dragonBones</Filter>
    </ClCompile>
    <ClCompile Include="..\Classes\dragonBones\factory\BaseFactory.cpp">
      <Filter>src\dragonBones</Filter>
    </ClCompile>
    <ClCompile Include="..\Classes\dragonBones\geom\Point.cpp">
      <Filter>src\dragonBones</Filter>
    </ClCompile>
    <ClCompile Include="..\Classes\dragonBones\geom\Transform.cpp">
      <Filter>src\dragonBones</Filter>
    </ClCompile>
    <ClCompile Include="..\Classes\dragonBones\model\AnimationConfig.cpp">
      <Filter>src\dragonBones</Filter>
    </ClCompile>
    <ClCompile Include="..\Classes\dragonBones\model\AnimationData.cpp">
      <Filter>src\dragonBones</Filter>
    </ClCompile>
    <ClCompile Include="..\Classes\dragonBones\model\ArmatureData.cpp">
      <Filter>src\dragonBones</Filter>
    </ClCompile>
    <ClCompile Include="..\Classes\dragonBones\model\BoundingBoxData.cpp">
      <Filter>src\dragonBones</Filter>
    </ClCompile>
    <ClCompile Include="..\Classes\dragonBones\model\CanvasData.cpp">
      <Filter>src\dragonBones</Filter>
    </ClCompile>
    <ClCompile Include="..\Classes\dragonBones\model\ConstraintData.cpp">
      <Filter>src\dragonBones</Filter>
    </ClCompile>
    <ClCompile Include="..\Classes\dragonBones\model\DisplayData.cpp">
      <Filter>src\dragonBones</Filter>
    </ClCompile>
    <ClCompile Include="..\Classes\dragonBones\model\DragonBonesData.cpp">
      <Filter>src\dragonBones</Filter>
    </ClCompile>
    <ClCompile Include="..\Classes\dragonBones\model\SkinData.cpp">
      <Filter>src\dragonBones</Filter>
    </ClCompile>
    <ClCompile Include="..\Classes\dragonBones\model\TextureAtlasData.cpp">
      <Filter>src\dragonBones</Filter>
    </ClCompile>
    <ClCompile Include="..\Classes\dragonBones\model\UserData.cpp">
      <Filter>src\dragonBones</Filter>
    </ClCompile>
    <ClCompile Include="..\Classes\dragonBones\parser\BinaryDataParser.cpp">
      <Filter>src\dragonBones</Filter>
    </ClCompile>
    <ClCompile Include="..\Classes\dragonBones\parser\DataParser.cpp">
      <Filter>src\dragonBones</Filter>
    </ClCompile>
    <ClCompile Include="..\Classes\dragonBones\parser\JSONDataParser.cpp">
      <Filter>src\dragonBones</Filter>
    </ClCompile>
  </ItemGroup>
  <ItemGroup>
    <ClInclude Include="main.h">
      <Filter>win32</Filter>
    </ClInclude>
    <ClInclude Include="..\Classes\AppDelegate.h">
      <Filter>src</Filter>
    </ClInclude>
    <ClInclude Include="..\Classes\rapidjson\internal\biginteger.h">
      <Filter>src\rapidjson</Filter>
    </ClInclude>
    <ClInclude Include="..\Classes\rapidjson\internal\diyfp.h">
      <Filter>src\rapidjson</Filter>
    </ClInclude>
    <ClInclude Include="..\Classes\rapidjson\internal\dtoa.h">
      <Filter>src\rapidjson</Filter>
    </ClInclude>
    <ClInclude Include="..\Classes\rapidjson\internal\ieee754.h">
      <Filter>src\rapidjson</Filter>
    </ClInclude>
    <ClInclude Include="..\Classes\rapidjson\internal\itoa.h">
      <Filter>src\rapidjson</Filter>
    </ClInclude>
    <ClInclude Include="..\Classes\rapidjson\internal\meta.h">
      <Filter>src\rapidjson</Filter>
    </ClInclude>
    <ClInclude Include="..\Classes\rapidjson\internal\pow10.h">
      <Filter>src\rapidjson</Filter>
    </ClInclude>
    <ClInclude Include="..\Classes\rapidjson\internal\regex.h">
      <Filter>src\rapidjson</Filter>
    </ClInclude>
    <ClInclude Include="..\Classes\rapidjson\internal\stack.h">
      <Filter>src\rapidjson</Filter>
    </ClInclude>
    <ClInclude Include="..\Classes\rapidjson\internal\strfunc.h">
      <Filter>src\rapidjson</Filter>
    </ClInclude>
    <ClInclude Include="..\Classes\rapidjson\internal\strtod.h">
      <Filter>src\rapidjson</Filter>
    </ClInclude>
    <ClInclude Include="..\Classes\rapidjson\internal\swap.h">
      <Filter>src\rapidjson</Filter>
    </ClInclude>
    <ClInclude Include="..\Classes\rapidjson\msinttypes\inttypes.h">
      <Filter>src\rapidjson</Filter>
    </ClInclude>
    <ClInclude Include="..\Classes\rapidjson\msinttypes\stdint.h">
      <Filter>src\rapidjson</Filter>
    </ClInclude>
    <ClInclude Include="..\Classes\rapidjson\allocators.h">
      <Filter>src\rapidjson</Filter>
    </ClInclude>
    <ClInclude Include="..\Classes\rapidjson\document.h">
      <Filter>src\rapidjson</Filter>
    </ClInclude>
    <ClInclude Include="..\Classes\rapidjson\encodedstream.h">
      <Filter>src\rapidjson</Filter>
    </ClInclude>
    <ClInclude Include="..\Classes\rapidjson\encodings.h">
      <Filter>src\rapidjson</Filter>
    </ClInclude>
    <ClInclude Include="..\Classes\rapidjson\filereadstream.h">
      <Filter>src\rapidjson</Filter>
    </ClInclude>
    <ClInclude Include="..\Classes\rapidjson\filewritestream.h">
      <Filter>src\rapidjson</Filter>
    </ClInclude>
    <ClInclude Include="..\Classes\rapidjson\fwd.h">
      <Filter>src\rapidjson</Filter>
    </ClInclude>
    <ClInclude Include="..\Classes\rapidjson\istreamwrapper.h">
      <Filter>src\rapidjson</Filter>
    </ClInclude>
    <ClInclude Include="..\Classes\rapidjson\memorybuffer.h">
      <Filter>src\rapidjson</Filter>
    </ClInclude>
    <ClInclude Include="..\Classes\rapidjson\memorystream.h">
      <Filter>src\rapidjson</Filter>
    </ClInclude>
    <ClInclude Include="..\Classes\rapidjson\ostreamwrapper.h">
      <Filter>src\rapidjson</Filter>
    </ClInclude>
    <ClInclude Include="..\Classes\rapidjson\pointer.h">
      <Filter>src\rapidjson</Filter>
    </ClInclude>
    <ClInclude Include="..\Classes\rapidjson\prettywriter.h">
      <Filter>src\rapidjson</Filter>
    </ClInclude>
    <ClInclude Include="..\Classes\rapidjson\rapidjson.h">
      <Filter>src\rapidjson</Filter>
    </ClInclude>
    <ClInclude Include="..\Classes\rapidjson\reader.h">
      <Filter>src\rapidjson</Filter>
    </ClInclude>
    <ClInclude Include="..\Classes\rapidjson\schema.h">
      <Filter>src\rapidjson</Filter>
    </ClInclude>
    <ClInclude Include="..\Classes\rapidjson\stream.h">
      <Filter>src\rapidjson</Filter>
    </ClInclude>
    <ClInclude Include="..\Classes\rapidjson\stringbuffer.h">
      <Filter>src\rapidjson</Filter>
    </ClInclude>
    <ClInclude Include="..\Classes\rapidjson\writer.h">
      <Filter>src\rapidjson</Filter>
    </ClInclude>
    <ClInclude Include="..\Classes\rapidjson\error\en.h">
      <Filter>src\rapidjson</Filter>
    </ClInclude>
    <ClInclude Include="..\Classes\rapidjson\error\error.h">
      <Filter>src\rapidjson</Filter>
    </ClInclude>
    <ClInclude Include="..\Classes\resource.h">
      <Filter>src</Filter>
    </ClInclude>
    <ClInclude Include="..\Classes\view\CongratDialog.h">
      <Filter>src\view</Filter>
    </ClInclude>
    <ClInclude Include="..\Classes\view\GameOverDialog.h">
      <Filter>src\view</Filter>
    </ClInclude>
    <ClInclude Include="..\Classes\view\HelloWorldScene.h">
      <Filter>src\view</Filter>
    </ClInclude>
    <ClInclude Include="..\Classes\view\MainScene.h">
      <Filter>src\view</Filter>
    </ClInclude>
    <ClInclude Include="..\Classes\view\MessageDialog.h">
      <Filter>src\view</Filter>
    </ClInclude>
    <ClInclude Include="..\Classes\view\SceneManager.h">
      <Filter>src\view</Filter>
    </ClInclude>
    <ClInclude Include="..\Classes\view\PlayScene.h">
      <Filter>src\view</Filter>
    </ClInclude>
    <ClInclude Include="..\Classes\base\BasePopupDialog.h">
      <Filter>src\base</Filter>
    </ClInclude>
    <ClInclude Include="..\Classes\base\GameConstant.h">
      <Filter>src\base</Filter>
    </ClInclude>
    <ClInclude Include="..\Classes\base\PlatformUtils.h">
      <Filter>src\base</Filter>
    </ClInclude>
    <ClInclude Include="..\Classes\base\SoundManager.h">
      <Filter>src\base</Filter>
    </ClInclude>
    <ClInclude Include="..\Classes\base\Utility.h">
      <Filter>src\base</Filter>
    </ClInclude>
    <ClInclude Include="..\Classes\logic\Board.h">
      <Filter>src\logic</Filter>
    </ClInclude>
    <ClInclude Include="..\Classes\logic\GameDataMgr.h">
      <Filter>src\logic</Filter>
    </ClInclude>
    <ClInclude Include="..\Classes\dragonBones\animation\Animation.h">
      <Filter>src\dragonBones</Filter>
    </ClInclude>
    <ClInclude Include="..\Classes\dragonBones\animation\AnimationState.h">
      <Filter>src\dragonBones</Filter>
    </ClInclude>
    <ClInclude Include="..\Classes\dragonBones\animation\BaseTimelineState.h">
      <Filter>src\dragonBones</Filter>
    </ClInclude>
    <ClInclude Include="..\Classes\dragonBones\animation\IAnimatable.h">
      <Filter>src\dragonBones</Filter>
    </ClInclude>
    <ClInclude Include="..\Classes\dragonBones\animation\TimelineState.h">
      <Filter>src\dragonBones</Filter>
    </ClInclude>
    <ClInclude Include="..\Classes\dragonBones\animation\WorldClock.h">
      <Filter>src\dragonBones</Filter>
    </ClInclude>
    <ClInclude Include="..\Classes\dragonBones\armature\Armature.h">
      <Filter>src\dragonBones</Filter>
    </ClInclude>
    <ClInclude Include="..\Classes\dragonBones\armature\Bone.h">
      <Filter>src\dragonBones</Filter>
    </ClInclude>
    <ClInclude Include="..\Classes\dragonBones\armature\Constraint.h">
      <Filter>src\dragonBones</Filter>
    </ClInclude>
    <ClInclude Include="..\Classes\dragonBones\armature\DeformVertices.h">
      <Filter>src\dragonBones</Filter>
    </ClInclude>
    <ClInclude Include="..\Classes\dragonBones\armature\IArmatureProxy.h">
      <Filter>src\dragonBones</Filter>
    </ClInclude>
    <ClInclude Include="..\Classes\dragonBones\armature\Slot.h">
      <Filter>src\dragonBones</Filter>
    </ClInclude>
    <ClInclude Include="..\Classes\dragonBones\armature\TransformObject.h">
      <Filter>src\dragonBones</Filter>
    </ClInclude>
    <ClInclude Include="..\Classes\dragonBones\cocos2dx\CCArmatureDisplay.h">
      <Filter>src\dragonBones</Filter>
    </ClInclude>
    <ClInclude Include="..\Classes\dragonBones\cocos2dx\CCDragonBonesHeaders.h">
      <Filter>src\dragonBones</Filter>
    </ClInclude>
    <ClInclude Include="..\Classes\dragonBones\cocos2dx\CCFactory.h">
      <Filter>src\dragonBones</Filter>
    </ClInclude>
    <ClInclude Include="..\Classes\dragonBones\cocos2dx\CCSlot.h">
      <Filter>src\dragonBones</Filter>
    </ClInclude>
    <ClInclude Include="..\Classes\dragonBones\cocos2dx\CCTextureAtlasData.h">
      <Filter>src\dragonBones</Filter>
    </ClInclude>
    <ClInclude Include="..\Classes\dragonBones\core\BaseObject.h">
      <Filter>src\dragonBones</Filter>
    </ClInclude>
    <ClInclude Include="..\Classes\dragonBones\core\DragonBones.h">
      <Filter>src\dragonBones</Filter>
    </ClInclude>
    <ClInclude Include="..\Classes\dragonBones\DragonBonesHeaders.h">
      <Filter>src\dragonBones</Filter>
    </ClInclude>
    <ClInclude Include="..\Classes\dragonBones\event\EventObject.h">
      <Filter>src\dragonBones</Filter>
    </ClInclude>
    <ClInclude Include="..\Classes\dragonBones\event\IEventDispatcher.h">
      <Filter>src\dragonBones</Filter>
    </ClInclude>
    <ClInclude Include="..\Classes\dragonBones\factory\BaseFactory.h">
      <Filter>src\dragonBones</Filter>
    </ClInclude>
    <ClInclude Include="..\Classes\dragonBones\geom\ColorTransform.h">
      <Filter>src\dragonBones</Filter>
    </ClInclude>
    <ClInclude Include="..\Classes\dragonBones\geom\Matrix.h">
      <Filter>src\dragonBones</Filter>
    </ClInclude>
    <ClInclude Include="..\Classes\dragonBones\geom\Point.h">
      <Filter>src\dragonBones</Filter>
    </ClInclude>
    <ClInclude Include="..\Classes\dragonBones\geom\Rectangle.h">
      <Filter>src\dragonBones</Filter>
    </ClInclude>
    <ClInclude Include="..\Classes\dragonBones\geom\Transform.h">
      <Filter>src\dragonBones</Filter>
    </ClInclude>
    <ClInclude Include="..\Classes\dragonBones\model\AnimationConfig.h">
      <Filter>src\dragonBones</Filter>
    </ClInclude>
    <ClInclude Include="..\Classes\dragonBones\model\AnimationData.h">
      <Filter>src\dragonBones</Filter>
    </ClInclude>
    <ClInclude Include="..\Classes\dragonBones\model\ArmatureData.h">
      <Filter>src\dragonBones</Filter>
    </ClInclude>
    <ClInclude Include="..\Classes\dragonBones\model\BoundingBoxData.h">
      <Filter>src\dragonBones</Filter>
    </ClInclude>
    <ClInclude Include="..\Classes\dragonBones\model\CanvasData.h">
      <Filter>src\dragonBones</Filter>
    </ClInclude>
    <ClInclude Include="..\Classes\dragonBones\model\ConstraintData.h">
      <Filter>src\dragonBones</Filter>
    </ClInclude>
    <ClInclude Include="..\Classes\dragonBones\model\DisplayData.h">
      <Filter>src\dragonBones</Filter>
    </ClInclude>
    <ClInclude Include="..\Classes\dragonBones\model\DragonBonesData.h">
      <Filter>src\dragonBones</Filter>
    </ClInclude>
    <ClInclude Include="..\Classes\dragonBones\model\SkinData.h">
      <Filter>src\dragonBones</Filter>
    </ClInclude>
    <ClInclude Include="..\Classes\dragonBones\model\TextureAtlasData.h">
      <Filter>src\dragonBones</Filter>
    </ClInclude>
    <ClInclude Include="..\Classes\dragonBones\model\UserData.h">
      <Filter>src\dragonBones</Filter>
    </ClInclude>
    <ClInclude Include="..\Classes\dragonBones\parser\BinaryDataParser.h">
      <Filter>src\dragonBones</Filter>
    </ClInclude>
    <ClInclude Include="..\Classes\dragonBones\parser\DataParser.h">
      <Filter>src\dragonBones</Filter>
    </ClInclude>
    <ClInclude Include="..\Classes\dragonBones\parser\JSONDataParser.h">
      <Filter>src\dragonBones</Filter>
    </ClInclude>
  </ItemGroup>
  <ItemGroup>
    <ResourceCompile Include="game.rc">
      <Filter>resource</Filter>
    </ResourceCompile>
  </ItemGroup>
</Project>